
Microsoft Visual Studio Solution File, Format Version 12.00
# Visual Studio Version 17
VisualStudioVersion = 17.3.32929.385
MinimumVisualStudioVersion = 10.0.40219.1
Project("{FAE04EC0-301F-11D3-BF4B-00C04F79EFBC}") = "Test toolbar", "Test toolbar.csproj", "{185A53E3-9512-48FC-B5F9-1C4CA7C9E08C}"
EndProject
Global
	GlobalSection(SolutionConfigurationPlatforms) = preSolution
		Debug|Any CPU = Debug|Any CPU
		Release|Any CPU = Release|Any CPU
	EndGlobalSection
	GlobalSection(ProjectConfigurationPlatforms) = postSolution
		{185A53E3-9512-48FC-B5F9-1C4CA7C9E08C}.Debug|Any CPU.ActiveCfg = Debug|Any CPU
		{185A53E3-9512-48FC-B5F9-1C4CA7C9E08C}.Debug|Any CPU.Build.0 = Debug|Any CPU
		{185A53E3-9512-48FC-B5F9-1C4CA7C9E08C}.Release|Any CPU.ActiveCfg = Release|Any CPU
		{185A53E3-9512-48FC-B5F9-1C4CA7C9E08C}.Release|Any CPU.Build.0 = Release|Any CPU
	EndGlobalSection
	GlobalSection(SolutionProperties) = preSolution
		HideSolutionNode = FALSE
	EndGlobalSection
	GlobalSection(ExtensibilityGlobals) = postSolution
		SolutionGuid = {30EA18D9-8576-4896-946E-130DCADBDA2F}
	EndGlobalSection
EndGlobal
